# This file is automatically @generated by Cargo.
# It is not intended for manual editing.
version = 4

[[package]]
name = "bistill"
version = "0.1.0"
dependencies = [
 "bistill-lib",
 "host",
]

[[package]]
name = "bistill-lib"
version = "0.1.0"
dependencies = [
 "host",
 "json",
]

[[package]]
name = "host"
version = "0.1.0"

[[package]]
name = "json"
version = "0.1.0"

[[package]]
name = "tui"
version = "0.1.0"
